
Microsoft Visual Studio Solution File, Format Version 12.00
# Visual Studio 2012
Project("{FAE04EC0-301F-11D3-BF4B-00C04F79EFBC}") = "SwitchWidgetJs", "SwitchWidgetJs.csproj", "{2128F4DE-2442-446E-BCB1-BB9740CB9128}"
EndProject
Project("{E24C65DC-7377-472B-9ABA-BC803B73C61A}") = "SwitchWidgetWebsite", "http://localhost:50428", "{DDE4C149-BA4A-4AFD-AE7A-C8E639F42F9F}"
	ProjectSection(WebsiteProperties) = preProject
		UseIISExpress = "true"
		TargetFrameworkMoniker = ".NETFramework,Version%3Dv4.5"
		Debug.AspNetCompiler.VirtualPath = "/localhost_50428"
		Debug.AspNetCompiler.PhysicalPath = "..\SwitchWidgetWebsite\"
		Debug.AspNetCompiler.TargetPath = "PrecompiledWeb\localhost_50428\"
		Debug.AspNetCompiler.Updateable = "true"
		Debug.AspNetCompiler.ForceOverwrite = "true"
		Debug.AspNetCompiler.FixedNames = "false"
		Debug.AspNetCompiler.Debug = "True"
		Release.AspNetCompiler.VirtualPath = "/localhost_50428"
		Release.AspNetCompiler.PhysicalPath = "..\SwitchWidgetWebsite\"
		Release.AspNetCompiler.TargetPath = "PrecompiledWeb\localhost_50428\"
		Release.AspNetCompiler.Updateable = "true"
		Release.AspNetCompiler.ForceOverwrite = "true"
		Release.AspNetCompiler.FixedNames = "false"
		Release.AspNetCompiler.Debug = "False"
		SlnRelativePath = "..\SwitchWidgetWebsite\"
		DefaultWebSiteLanguage = "Visual C#"
	EndProjectSection
EndProject
Global
	GlobalSection(SolutionConfigurationPlatforms) = preSolution
		Debug|Any CPU = Debug|Any CPU
		Release|Any CPU = Release|Any CPU
	EndGlobalSection
	GlobalSection(ProjectConfigurationPlatforms) = postSolution
		{2128F4DE-2442-446E-BCB1-BB9740CB9128}.Debug|Any CPU.ActiveCfg = Debug|Any CPU
		{2128F4DE-2442-446E-BCB1-BB9740CB9128}.Debug|Any CPU.Build.0 = Debug|Any CPU
		{2128F4DE-2442-446E-BCB1-BB9740CB9128}.Release|Any CPU.ActiveCfg = Release|Any CPU
		{2128F4DE-2442-446E-BCB1-BB9740CB9128}.Release|Any CPU.Build.0 = Release|Any CPU
		{DDE4C149-BA4A-4AFD-AE7A-C8E639F42F9F}.Debug|Any CPU.ActiveCfg = Debug|Any CPU
		{DDE4C149-BA4A-4AFD-AE7A-C8E639F42F9F}.Debug|Any CPU.Build.0 = Debug|Any CPU
		{DDE4C149-BA4A-4AFD-AE7A-C8E639F42F9F}.Release|Any CPU.ActiveCfg = Debug|Any CPU
		{DDE4C149-BA4A-4AFD-AE7A-C8E639F42F9F}.Release|Any CPU.Build.0 = Debug|Any CPU
	EndGlobalSection
	GlobalSection(SolutionProperties) = preSolution
		HideSolutionNode = FALSE
	EndGlobalSection
EndGlobal
