
Microsoft Visual Studio Solution File, Format Version 12.00
# Visual Studio 2012
Project("{FAE04EC0-301F-11D3-BF4B-00C04F79EFBC}") = "ChameleonWidget", "ChameleonWidget\ChameleonWidget.csproj", "{D2297696-4265-4B1D-9F48-B97B9A4FCE8D}"
EndProject
Project("{FAE04EC0-301F-11D3-BF4B-00C04F79EFBC}") = "ChameleonWidget.Scripts", "ChameleonWidget.Scripts\ChameleonWidget.Scripts.csproj", "{634875C2-BF8D-4047-A6CB-4B67C7FF0EDD}"
EndProject
Global
	GlobalSection(SolutionConfigurationPlatforms) = preSolution
		Debug|Any CPU = Debug|Any CPU
		Release|Any CPU = Release|Any CPU
	EndGlobalSection
	GlobalSection(ProjectConfigurationPlatforms) = postSolution
		{D2297696-4265-4B1D-9F48-B97B9A4FCE8D}.Debug|Any CPU.ActiveCfg = Debug|Any CPU
		{D2297696-4265-4B1D-9F48-B97B9A4FCE8D}.Debug|Any CPU.Build.0 = Debug|Any CPU
		{D2297696-4265-4B1D-9F48-B97B9A4FCE8D}.Release|Any CPU.ActiveCfg = Release|Any CPU
		{D2297696-4265-4B1D-9F48-B97B9A4FCE8D}.Release|Any CPU.Build.0 = Release|Any CPU
		{634875C2-BF8D-4047-A6CB-4B67C7FF0EDD}.Debug|Any CPU.ActiveCfg = Debug|Any CPU
		{634875C2-BF8D-4047-A6CB-4B67C7FF0EDD}.Debug|Any CPU.Build.0 = Debug|Any CPU
		{634875C2-BF8D-4047-A6CB-4B67C7FF0EDD}.Release|Any CPU.ActiveCfg = Release|Any CPU
		{634875C2-BF8D-4047-A6CB-4B67C7FF0EDD}.Release|Any CPU.Build.0 = Release|Any CPU
	EndGlobalSection
	GlobalSection(SolutionProperties) = preSolution
		HideSolutionNode = FALSE
	EndGlobalSection
EndGlobal
